
Microsoft Visual Studio Solution File, Format Version 12.00
# Visual Studio Version 16
VisualStudioVersion = 16.0.29613.14
MinimumVisualStudioVersion = 10.0.40219.1
Project("{FAE04EC0-301F-11D3-BF4B-00C04F79EFBC}") = "Synchronizer", "Source\Synchronizer.csproj", "{CD02AC70-4BF7-467F-B033-C5154E7E3E8C}"
EndProject
Project("{FAE04EC0-301F-11D3-BF4B-00C04F79EFBC}") = "ntics_lib", "ntics_lib\ntics_lib.csproj", "{B8731A53-421C-4EFC-B499-57617A4CED85}"
EndProject
Global
	GlobalSection(SolutionConfigurationPlatforms) = preSolution
		Debug|Any CPU = Debug|Any CPU
		Release|Any CPU = Release|Any CPU
	EndGlobalSection
	GlobalSection(ProjectConfigurationPlatforms) = postSolution
		{CD02AC70-4BF7-467F-B033-C5154E7E3E8C}.Debug|Any CPU.ActiveCfg = Debug|Any CPU
		{CD02AC70-4BF7-467F-B033-C5154E7E3E8C}.Debug|Any CPU.Build.0 = Debug|Any CPU
		{CD02AC70-4BF7-467F-B033-C5154E7E3E8C}.Release|Any CPU.ActiveCfg = Release|Any CPU
		{CD02AC70-4BF7-467F-B033-C5154E7E3E8C}.Release|Any CPU.Build.0 = Release|Any CPU
		{B8731A53-421C-4EFC-B499-57617A4CED85}.Debug|Any CPU.ActiveCfg = Debug|Any CPU
		{B8731A53-421C-4EFC-B499-57617A4CED85}.Debug|Any CPU.Build.0 = Debug|Any CPU
		{B8731A53-421C-4EFC-B499-57617A4CED85}.Release|Any CPU.ActiveCfg = Release|Any CPU
		{B8731A53-421C-4EFC-B499-57617A4CED85}.Release|Any CPU.Build.0 = Release|Any CPU
	EndGlobalSection
	GlobalSection(SolutionProperties) = preSolution
		HideSolutionNode = FALSE
	EndGlobalSection
	GlobalSection(ExtensibilityGlobals) = postSolution
		SolutionGuid = {6B139A66-B7C7-460B-BCD0-1BD27BC136B4}
	EndGlobalSection
EndGlobal
